// !$*UTF8*$!
{
	archiveVersion = 1;
	classes = {
	};
	objectVersion = 77;
	objects = {

/* Begin PBXBuildFile section */
		0F6173C42DB030C200F6E296 /* Constants.swift in Sources */ = {isa = PBXBuildFile; fileRef = 0F6173C32DB030C200F6E296 /* Constants.swift */; };
/* End PBXBuildFile section */

/* Begin PBXContainerItemProxy section */
		0F9E0FD12DAF476700BA667E /* PBXContainerItemProxy */ = {
			isa = PBXContainerItemProxy;
			containerPortal = 0F9E0FB22DAF476500BA667E /* Project object */;
			proxyType = 1;
			remoteGlobalIDString = 0F9E0FB92DAF476500BA667E;
			remoteInfo = ContactListReal;
		};
		0F9E0FDB2DAF476700BA667E /* PBXContainerItemProxy */ = {
			isa = PBXContainerItemProxy;
			containerPortal = 0F9E0FB22DAF476500BA667E /* Project object */;
			proxyType = 1;
			remoteGlobalIDString = 0F9E0FB92DAF476500BA667E;
			remoteInfo = ContactListReal;
		};
/* End PBXContainerItemProxy section */

/* Begin PBXFileReference section */
		0F6173C32DB030C200F6E296 /* Constants.swift */ = {isa = PBXFileReference; lastKnownFileType = sourcecode.swift; path = Constants.swift; sourceTree = "<group>"; };
		0F9E0FBA2DAF476500BA667E /* ContactListReal.app */ = {isa = PBXFileReference; explicitFileType = wrapper.application; includeInIndex = 0; path = ContactListReal.app; sourceTree = BUILT_PRODUCTS_DIR; };
		0F9E0FD02DAF476700BA667E /* ContactListRealTests.xctest */ = {isa = PBXFileReference; explicitFileType = wrapper.cfbundle; includeInIndex = 0; path = ContactListRealTests.xctest; sourceTree = BUILT_PRODUCTS_DIR; };
		0F9E0FDA2DAF476700BA667E /* ContactListRealUITests.xctest */ = {isa = PBXFileReference; explicitFileType = wrapper.cfbundle; includeInIndex = 0; path = ContactListRealUITests.xctest; sourceTree = BUILT_PRODUCTS_DIR; };
/* End PBXFileReference section */

/* Begin PBXFileSystemSynchronizedBuildFileExceptionSet section */
		0F9E0FE22DAF476700BA667E /* Exceptions for "ContactListReal" folder in "ContactListReal" target */ = {
			isa = PBXFileSystemSynchronizedBuildFileExceptionSet;
			membershipExceptions = (
				Info.plist,
			);
			target = 0F9E0FB92DAF476500BA667E /* ContactListReal */;
		};
/* End PBXFileSystemSynchronizedBuildFileExceptionSet section */

/* Begin PBXFileSystemSynchronizedRootGroup section */
		0F9E0FBC2DAF476500BA667E /* ContactListReal */ = {
			isa = PBXFileSystemSynchronizedRootGroup;
			exceptions = (
				0F9E0FE22DAF476700BA667E /* Exceptions for "ContactListReal" folder in "ContactListReal" target */,
			);
			path = ContactListReal;
			sourceTree = "<group>";
		};
/* End PBXFileSystemSynchronizedRootGroup section */

/* Begin PBXFrameworksBuildPhase section */
		0F9E0FB72DAF476500BA667E /* Frameworks */ = {
			isa = PBXFrameworksBuildPhase;
			buildActionMask = 2147483647;
			files = (
			);
			runOnlyForDeploymentPostprocessing = 0;
		};
		0F9E0FCD2DAF476700BA667E /* Frameworks */ = {
			isa = PBXFrameworksBuildPhase;
			buildActionMask = 2147483647;
			files = (
			);
			runOnlyForDeploymentPostprocessing = 0;
		};
		0F9E0FD72DAF476700BA667E /* Frameworks */ = {
			isa = PBXFrameworksBuildPhase;
			buildActionMask = 2147483647;
			files = (
			);
			runOnlyForDeploymentPostprocessing = 0;
		};
/* End PBXFrameworksBuildPhase section */

/* Begin PBXGroup section */
		0F9E0FB12DAF476500BA667E = {
			isa = PBXGroup;
			children = (
				0F6173C32DB030C200F6E296 /* Constants.swift */,
				0F9E0FBC2DAF476500BA667E /* ContactListReal */,
				0F9E0FBB2DAF476500BA667E /* Products */,
			);
			sourceTree = "<group>";
		};
		0F9E0FBB2DAF476500BA667E /* Products */ = {
			isa = PBXGroup;
			children = (
				0F9E0FBA2DAF476500BA667E /* ContactListReal.app */,
				0F9E0FD02DAF476700BA667E /* ContactListRealTests.xctest */,
				0F9E0FDA2DAF476700BA667E /* ContactListRealUITests.xctest */,
			);
			name = Products;
			sourceTree = "<group>";
		};
/* End PBXGroup section */

/* Begin PBXNativeTarget section */
		0F9E0FB92DAF476500BA667E /* ContactListReal */ = {
			isa = PBXNativeTarget;
			buildConfigurationList = 0F9E0FE32DAF476700BA667E /* Build configuration list for PBXNativeTarget "ContactListReal" */;
			buildPhases = (
				0F9E0FB62DAF476500BA667E /* Sources */,
				0F9E0FB72DAF476500BA667E /* Frameworks */,
				0F9E0FB82DAF476500BA667E /* Resources */,
			);
			buildRules = (
			);
			dependencies = (
			);
			fileSystemSynchronizedGroups = (
				0F9E0FBC2DAF476500BA667E /* ContactListReal */,
			);
			name = ContactListReal;
			packageProductDependencies = (
			);
			productName = ContactListReal;
			productReference = 0F9E0FBA2DAF476500BA667E /* ContactListReal.app */;
			productType = "com.apple.product-type.application";
		};
		0F9E0FCF2DAF476700BA667E /* ContactListRealTests */ = {
			isa = PBXNativeTarget;
			buildConfigurationList = 0F9E0FE82DAF476700BA667E /* Build configuration list for PBXNativeTarget "ContactListRealTests" */;
			buildPhases = (
				0F9E0FCC2DAF476700BA667E /* Sources */,
				0F9E0FCD2DAF476700BA667E /* Frameworks */,
				0F9E0FCE2DAF476700BA667E /* Resources */,
			);
			buildRules = (
			);
			dependencies = (
				0F9E0FD22DAF476700BA667E /* PBXTargetDependency */,
			);
			name = ContactListRealTests;
			packageProductDependencies = (
			);
			productName = ContactListRealTests;
			productReference = 0F9E0FD02DAF476700BA667E /* ContactListRealTests.xctest */;
			productType = "com.apple.product-type.bundle.unit-test";
		};
		0F9E0FD92DAF476700BA667E /* ContactListRealUITests */ = {
			isa = PBXNativeTarget;
			buildConfigurationList = 0F9E0FEB2DAF476700BA667E /* Build configuration list for PBXNativeTarget "ContactListRealUITests" */;
			buildPhases = (
				0F9E0FD62DAF476700BA667E /* Sources */,
				0F9E0FD72DAF476700BA667E /* Frameworks */,
				0F9E0FD82DAF476700BA667E /* Resources */,
			);
			buildRules = (
			);
			dependencies = (
				0F9E0FDC2DAF476700BA667E /* PBXTargetDependency */,
			);
			name = ContactListRealUITests;
			packageProductDependencies = (
			);
			productName = ContactListRealUITests;
			productReference = 0F9E0FDA2DAF476700BA667E /* ContactListRealUITests.xctest */;
			productType = "com.apple.product-type.bundle.ui-testing";
		};
/* End PBXNativeTarget section */

/* Begin PBXProject section */
		0F9E0FB22DAF476500BA667E /* Project object */ = {
			isa = PBXProject;
			attributes = {
				BuildIndependentTargetsInParallel = 1;
				LastSwiftUpdateCheck = 1620;
				LastUpgradeCheck = 1620;
				TargetAttributes = {
					0F9E0FB92DAF476500BA667E = {
						CreatedOnToolsVersion = 16.2;
					};
					0F9E0FCF2DAF476700BA667E = {
						CreatedOnToolsVersion = 16.2;
						TestTargetID = 0F9E0FB92DAF476500BA667E;
					};
					0F9E0FD92DAF476700BA667E = {
						CreatedOnToolsVersion = 16.2;
						TestTargetID = 0F9E0FB92DAF476500BA667E;
					};
				};
			};
			buildConfigurationList = 0F9E0FB52DAF476500BA667E /* Build configuration list for PBXProject "ContactListReal" */;
			developmentRegion = en;
			hasScannedForEncodings = 0;
			knownRegions = (
				en,
				Base,
			);
			mainGroup = 0F9E0FB12DAF476500BA667E;
			minimizedProjectReferenceProxies = 1;
			preferredProjectObjectVersion = 77;
			productRefGroup = 0F9E0FBB2DAF476500BA667E /* Products */;
			projectDirPath = "";
			projectRoot = "";
			targets = (
				0F9E0FB92DAF476500BA667E /* ContactListReal */,
				0F9E0FCF2DAF476700BA667E /* ContactListRealTests */,
				0F9E0FD92DAF476700BA667E /* ContactListRealUITests */,
			);
		};
/* End PBXProject section */

/* Begin PBXResourcesBuildPhase section */
		0F9E0FB82DAF476500BA667E /* Resources */ = {
			isa = PBXResourcesBuildPhase;
			buildActionMask = 2147483647;
			files = (
			);
			runOnlyForDeploymentPostprocessing = 0;
		};
		0F9E0FCE2DAF476700BA667E /* Resources */ = {
			isa = PBXResourcesBuildPhase;
			buildActionMask = 2147483647;
			files = (
			);
			runOnlyForDeploymentPostprocessing = 0;
		};
		0F9E0FD82DAF476700BA667E /* Resources */ = {
			isa = PBXResourcesBuildPhase;
			buildActionMask = 2147483647;
			files = (
			);
			runOnlyForDeploymentPostprocessing = 0;
		};
/* End PBXResourcesBuildPhase section */

/* Begin PBXSourcesBuildPhase section */
		0F9E0FB62DAF476500BA667E /* Sources */ = {
			isa = PBXSourcesBuildPhase;
			buildActionMask = 2147483647;
			files = (
				0F6173C42DB030C200F6E296 /* Constants.swift in Sources */,
			);
			runOnlyForDeploymentPostprocessing = 0;
		};
		0F9E0FCC2DAF476700BA667E /* Sources */ = {
			isa = PBXSourcesBuildPhase;
			buildActionMask = 2147483647;
			files = (
			);
			runOnlyForDeploymentPostprocessing = 0;
		};
		0F9E0FD62DAF476700BA667E /* Sources */ = {
			isa = PBXSourcesBuildPhase;
			buildActionMask = 2147483647;
			files = (
			);
			runOnlyForDeploymentPostprocessing = 0;
		};
/* End PBXSourcesBuildPhase section */

/* Begin PBXTargetDependency section */
		0F9E0FD22DAF476700BA667E /* PBXTargetDependency */ = {
			isa = PBXTargetDependency;
			target = 0F9E0FB92DAF476500BA667E /* ContactListReal */;
			targetProxy = 0F9E0FD12DAF476700BA667E /* PBXContainerItemProxy */;
		};
		0F9E0FDC2DAF476700BA667E /* PBXTargetDependency */ = {
			isa = PBXTargetDependency;
			target = 0F9E0FB92DAF476500BA667E /* ContactListReal */;
			targetProxy = 0F9E0FDB2DAF476700BA667E /* PBXContainerItemProxy */;
		};
/* End PBXTargetDependency section */

/* Begin XCBuildConfiguration section */
		0F9E0FE42DAF476700BA667E /* Debug */ = {
			isa = XCBuildConfiguration;
			buildSettings = {
				ASSETCATALOG_COMPILER_APPICON_NAME = AppIcon;
				ASSETCATALOG_COMPILER_GLOBAL_ACCENT_COLOR_NAME = AccentColor;
				CODE_SIGN_STYLE = Automatic;
				CURRENT_PROJECT_VERSION = 1;
				DEVELOPMENT_TEAM = G5LD8ML8P3;
				GENERATE_INFOPLIST_FILE = YES;
				INFOPLIST_FILE = ContactListReal/Info.plist;
				INFOPLIST_KEY_UIApplicationSupportsIndirectInputEvents = YES;
				INFOPLIST_KEY_UILaunchStoryboardName = LaunchScreen;
				INFOPLIST_KEY_UIMainStoryboardFile = Main;
				INFOPLIST_KEY_UISupportedInterfaceOrientations_iPad = "UIInterfaceOrientationPortrait UIInterfaceOrientationPortraitUpsideDown UIInterfaceOrientationLandscapeLeft UIInterfaceOrientationLandscapeRight";
				INFOPLIST_KEY_UISupportedInterfaceOrientations_iPhone = "UIInterfaceOrientationPortrait UIInterfaceOrientationLandscapeLeft UIInterfaceOrientationLandscapeRight";
				LD_RUNPATH_SEARCH_PATHS = (
					"$(inherited)",
					"@executable_path/Frameworks",
				);
				MARKETING_VERSION = 1.0;
				PRODUCT_BUNDLE_IDENTIFIER = "Learning-Mobile-Apps.ContactListReal";
				PRODUCT_NAME = "$(TARGET_NAME)";
				SWIFT_EMIT_LOC_STRINGS = YES;
				SWIFT_VERSION = 5.0;
				TARGETED_DEVICE_FAMILY = "1,2";
			};
			name = Debug;
		};
		0F9E0FE52DAF476700BA667E /* Release */ = {
			isa = XCBuildConfiguration;
			buildSettings = {
				ASSETCATALOG_COMPILER_APPICON_NAME = AppIcon;
				ASSETCATALOG_COMPILER_GLOBAL_ACCENT_COLOR_NAME = AccentColor;
				CODE_SIGN_STYLE = Automatic;
				CURRENT_PROJECT_VERSION = 1;
				DEVELOPMENT_TEAM = G5LD8ML8P3;
				GENERATE_INFOPLIST_FILE = YES;
				INFOPLIST_FILE = ContactListReal/Info.plist;
				INFOPLIST_KEY_UIApplicationSupportsIndirectInputEvents = YES;
				INFOPLIST_KEY_UILaunchStoryboardName = LaunchScreen;
				INFOPLIST_KEY_UIMainStoryboardFile = Main;
				INFOPLIST_KEY_UISupportedInterfaceOrientations_iPad = "UIInterfaceOrientationPortrait UIInterfaceOrientationPortraitUpsideDown UIInterfaceOrientationLandscapeLeft UIInterfaceOrientationLandscapeRight";
				INFOPLIST_KEY_UISupportedInterfaceOrientations_iPhone = "UIInterfaceOrientationPortrait UIInterfaceOrientationLandscapeLeft UIInterfaceOrientationLandscapeRight";
				LD_RUNPATH_SEARCH_PATHS = (
					"$(inherited)",
					"@executable_path/Frameworks",
				);
				MARKETING_VERSION = 1.0;
				PRODUCT_BUNDLE_IDENTIFIER = "Learning-Mobile-Apps.ContactListReal";
				PRODUCT_NAME = "$(TARGET_NAME)";
				SWIFT_EMIT_LOC_STRINGS = YES;
				SWIFT_VERSION = 5.0;
				TARGETED_DEVICE_FAMILY = "1,2";
			};
			name = Release;
		};
		0F9E0FE62DAF476700BA667E /* Debug */ = {
			isa = XCBuildConfiguration;
			buildSettings = {
				ALWAYS_SEARCH_USER_PATHS = NO;
				ASSETCATALOG_COMPILER_GENERATE_SWIFT_ASSET_SYMBOL_EXTENSIONS = YES;
				CLANG_ANALYZER_NONNULL = YES;
				CLANG_ANALYZER_NUMBER_OBJECT_CONVERSION = YES_AGGRESSIVE;
				CLANG_CXX_LANGUAGE_STANDARD = "gnu++20";
				CLANG_ENABLE_MODULES = YES;
				CLANG_ENABLE_OBJC_ARC = YES;
				CLANG_ENABLE_OBJC_WEAK = YES;
				CLANG_WARN_BLOCK_CAPTURE_AUTORELEASING = YES;
				CLANG_WARN_BOOL_CONVERSION = YES;
				CLANG_WARN_COMMA = YES;
				CLANG_WARN_CONSTANT_CONVERSION = YES;
				CLANG_WARN_DEPRECATED_OBJC_IMPLEMENTATIONS = YES;
				CLANG_WARN_DIRECT_OBJC_ISA_USAGE = YES_ERROR;
				CLANG_WARN_DOCUMENTATION_COMMENTS = YES;
				CLANG_WARN_EMPTY_BODY = YES;
				CLANG_WARN_ENUM_CONVERSION = YES;
				CLANG_WARN_INFINITE_RECURSION = YES;
				CLANG_WARN_INT_CONVERSION = YES;
				CLANG_WARN_NON_LITERAL_NULL_CONVERSION = YES;
				CLANG_WARN_OBJC_IMPLICIT_RETAIN_SELF = YES;
				CLANG_WARN_OBJC_LITERAL_CONVERSION = YES;
				CLANG_WARN_OBJC_ROOT_CLASS = YES_ERROR;
				CLANG_WARN_QUOTED_INCLUDE_IN_FRAMEWORK_HEADER = YES;
				CLANG_WARN_RANGE_LOOP_ANALYSIS = YES;
				CLANG_WARN_STRICT_PROTOTYPES = YES;
				CLANG_WARN_SUSPICIOUS_MOVE = YES;
				CLANG_WARN_UNGUARDED_AVAILABILITY = YES_AGGRESSIVE;
				CLANG_WARN_UNREACHABLE_CODE = YES;
				CLANG_WARN__DUPLICATE_METHOD_MATCH = YES;
				COPY_PHASE_STRIP = NO;
				DEBUG_INFORMATION_FORMAT = dwarf;
				ENABLE_STRICT_OBJC_MSGSEND = YES;
				ENABLE_TESTABILITY = YES;
				ENABLE_USER_SCRIPT_SANDBOXING = YES;
				GCC_C_LANGUAGE_STANDARD = gnu17;
				GCC_DYNAMIC_NO_PIC = NO;
				GCC_NO_COMMON_BLOCKS = YES;
				GCC_OPTIMIZATION_LEVEL = 0;
				GCC_PREPROCESSOR_DEFINITIONS = (
					"DEBUG=1",
					"$(inherited)",
				);
				GCC_WARN_64_TO_32_BIT_CONVERSION = YES;
				GCC_WARN_ABOUT_RETURN_TYPE = YES_ERROR;
				GCC_WARN_UNDECLARED_SELECTOR = YES;
				GCC_WARN_UNINITIALIZED_AUTOS = YES_AGGRESSIVE;
				GCC_WARN_UNUSED_FUNCTION = YES;
				GCC_WARN_UNUSED_VARIABLE = YES;
				IPHONEOS_DEPLOYMENT_TARGET = 18.2;
				LOCALIZATION_PREFERS_STRING_CATALOGS = YES;
				MTL_ENABLE_DEBUG_INFO = INCLUDE_SOURCE;
				MTL_FAST_MATH = YES;
				ONLY_ACTIVE_ARCH = YES;
				SDKROOT = iphoneos;
				SWIFT_ACTIVE_COMPILATION_CONDITIONS = "DEBUG $(inherited)";
				SWIFT_OPTIMIZATION_LEVEL = "-Onone";
			};
			name = Debug;
		};
		0F9E0FE72DAF476700BA667E /* Release */ = {
			isa = XCBuildConfiguration;
			buildSettings = {
				ALWAYS_SEARCH_USER_PATHS = NO;
				ASSETCATALOG_COMPILER_GENERATE_SWIFT_ASSET_SYMBOL_EXTENSIONS = YES;
				CLANG_ANALYZER_NONNULL = YES;
				CLANG_ANALYZER_NUMBER_OBJECT_CONVERSION = YES_AGGRESSIVE;
				CLANG_CXX_LANGUAGE_STANDARD = "gnu++20";
				CLANG_ENABLE_MODULES = YES;
				CLANG_ENABLE_OBJC_ARC = YES;
				CLANG_ENABLE_OBJC_WEAK = YES;
				CLANG_WARN_BLOCK_CAPTURE_AUTORELEASING = YES;
				CLANG_WARN_BOOL_CONVERSION = YES;
				CLANG_WARN_COMMA = YES;
				CLANG_WARN_CONSTANT_CONVERSION = YES;
				CLANG_WARN_DEPRECATED_OBJC_IMPLEMENTATIONS = YES;
				CLANG_WARN_DIRECT_OBJC_ISA_USAGE = YES_ERROR;
				CLANG_WARN_DOCUMENTATION_COMMENTS = YES;
				CLANG_WARN_EMPTY_BODY = YES;
				CLANG_WARN_ENUM_CONVERSION = YES;
				CLANG_WARN_INFINITE_RECURSION = YES;
				CLANG_WARN_INT_CONVERSION = YES;
				CLANG_WARN_NON_LITERAL_NULL_CONVERSION = YES;
				CLANG_WARN_OBJC_IMPLICIT_RETAIN_SELF = YES;
				CLANG_WARN_OBJC_LITERAL_CONVERSION = YES;
				CLANG_WARN_OBJC_ROOT_CLASS = YES_ERROR;
				CLANG_WARN_QUOTED_INCLUDE_IN_FRAMEWORK_HEADER = YES;
				CLANG_WARN_RANGE_LOOP_ANALYSIS = YES;
				CLANG_WARN_STRICT_PROTOTYPES = YES;
				CLANG_WARN_SUSPICIOUS_MOVE = YES;
				CLANG_WARN_UNGUARDED_AVAILABILITY = YES_AGGRESSIVE;
				CLANG_WARN_UNREACHABLE_CODE = YES;
				CLANG_WARN__DUPLICATE_METHOD_MATCH = YES;
				COPY_PHASE_STRIP = NO;
				DEBUG_INFORMATION_FORMAT = "dwarf-with-dsym";
				ENABLE_NS_ASSERTIONS = NO;
				ENABLE_STRICT_OBJC_MSGSEND = YES;
				ENABLE_USER_SCRIPT_SANDBOXING = YES;
				GCC_C_LANGUAGE_STANDARD = gnu17;
				GCC_NO_COMMON_BLOCKS = YES;
				GCC_WARN_64_TO_32_BIT_CONVERSION = YES;
				GCC_WARN_ABOUT_RETURN_TYPE = YES_ERROR;
				GCC_WARN_UNDECLARED_SELECTOR = YES;
				GCC_WARN_UNINITIALIZED_AUTOS = YES_AGGRESSIVE;
				GCC_WARN_UNUSED_FUNCTION = YES;
				GCC_WARN_UNUSED_VARIABLE = YES;
				IPHONEOS_DEPLOYMENT_TARGET = 18.2;
				LOCALIZATION_PREFERS_STRING_CATALOGS = YES;
				MTL_ENABLE_DEBUG_INFO = NO;
				MTL_FAST_MATH = YES;
				SDKROOT = iphoneos;
				SWIFT_COMPILATION_MODE = wholemodule;
				VALIDATE_PRODUCT = YES;
			};
			name = Release;
		};
		0F9E0FE92DAF476700BA667E /* Debug */ = {
			isa = XCBuildConfiguration;
			buildSettings = {
				BUNDLE_LOADER = "$(TEST_HOST)";
				CODE_SIGN_STYLE = Automatic;
				CURRENT_PROJECT_VERSION = 1;
				DEVELOPMENT_TEAM = G5LD8ML8P3;
				GENERATE_INFOPLIST_FILE = YES;
				IPHONEOS_DEPLOYMENT_TARGET = 18.2;
				MARKETING_VERSION = 1.0;
				PRODUCT_BUNDLE_IDENTIFIER = "Learning-Mobile-Apps.ContactListRealTests";
				PRODUCT_NAME = "$(TARGET_NAME)";
				SWIFT_EMIT_LOC_STRINGS = NO;
				SWIFT_VERSION = 5.0;
				TARGETED_DEVICE_FAMILY = "1,2";
				TEST_HOST = "$(BUILT_PRODUCTS_DIR)/ContactListReal.app/$(BUNDLE_EXECUTABLE_FOLDER_PATH)/ContactListReal";
			};
			name = Debug;
		};
		0F9E0FEA2DAF476700BA667E /* Release */ = {
			isa = XCBuildConfiguration;
			buildSettings = {
				BUNDLE_LOADER = "$(TEST_HOST)";
				CODE_SIGN_STYLE = Automatic;
				CURRENT_PROJECT_VERSION = 1;
				DEVELOPMENT_TEAM = G5LD8ML8P3;
				GENERATE_INFOPLIST_FILE = YES;
				IPHONEOS_DEPLOYMENT_TARGET = 18.2;
				MARKETING_VERSION = 1.0;
				PRODUCT_BUNDLE_IDENTIFIER = "Learning-Mobile-Apps.ContactListRealTests";
				PRODUCT_NAME = "$(TARGET_NAME)";
				SWIFT_EMIT_LOC_STRINGS = NO;
				SWIFT_VERSION = 5.0;
				TARGETED_DEVICE_FAMILY = "1,2";
				TEST_HOST = "$(BUILT_PRODUCTS_DIR)/ContactListReal.app/$(BUNDLE_EXECUTABLE_FOLDER_PATH)/ContactListReal";
			};
			name = Release;
		};
		0F9E0FEC2DAF476700BA667E /* Debug */ = {
			isa = XCBuildConfiguration;
			buildSettings = {
				CODE_SIGN_STYLE = Automatic;
				CURRENT_PROJECT_VERSION = 1;
				DEVELOPMENT_TEAM = G5LD8ML8P3;
				GENERATE_INFOPLIST_FILE = YES;
				MARKETING_VERSION = 1.0;
				PRODUCT_BUNDLE_IDENTIFIER = "Learning-Mobile-Apps.ContactListRealUITests";
				PRODUCT_NAME = "$(TARGET_NAME)";
				SWIFT_EMIT_LOC_STRINGS = NO;
				SWIFT_VERSION = 5.0;
				TARGETED_DEVICE_FAMILY = "1,2";
				TEST_TARGET_NAME = ContactListReal;
			};
			name = Debug;
		};
		0F9E0FED2DAF476700BA667E /* Release */ = {
			isa = XCBuildConfiguration;
			buildSettings = {
				CODE_SIGN_STYLE = Automatic;
				CURRENT_PROJECT_VERSION = 1;
				DEVELOPMENT_TEAM = G5LD8ML8P3;
				GENERATE_INFOPLIST_FILE = YES;
				MARKETING_VERSION = 1.0;
				PRODUCT_BUNDLE_IDENTIFIER = "Learning-Mobile-Apps.ContactListRealUITests";
				PRODUCT_NAME = "$(TARGET_NAME)";
				SWIFT_EMIT_LOC_STRINGS = NO;
				SWIFT_VERSION = 5.0;
				TARGETED_DEVICE_FAMILY = "1,2";
				TEST_TARGET_NAME = ContactListReal;
			};
			name = Release;
		};
/* End XCBuildConfiguration section */

/* Begin XCConfigurationList section */
		0F9E0FB52DAF476500BA667E /* Build configuration list for PBXProject "ContactListReal" */ = {
			isa = XCConfigurationList;
			buildConfigurations = (
				0F9E0FE62DAF476700BA667E /* Debug */,
				0F9E0FE72DAF476700BA667E /* Release */,
			);
			defaultConfigurationIsVisible = 0;
			defaultConfigurationName = Release;
		};
		0F9E0FE32DAF476700BA667E /* Build configuration list for PBXNativeTarget "ContactListReal" */ = {
			isa = XCConfigurationList;
			buildConfigurations = (
				0F9E0FE42DAF476700BA667E /* Debug */,
				0F9E0FE52DAF476700BA667E /* Release */,
			);
			defaultConfigurationIsVisible = 0;
			defaultConfigurationName = Release;
		};
		0F9E0FE82DAF476700BA667E /* Build configuration list for PBXNativeTarget "ContactListRealTests" */ = {
			isa = XCConfigurationList;
			buildConfigurations = (
				0F9E0FE92DAF476700BA667E /* Debug */,
				0F9E0FEA2DAF476700BA667E /* Release */,
			);
			defaultConfigurationIsVisible = 0;
			defaultConfigurationName = Release;
		};
		0F9E0FEB2DAF476700BA667E /* Build configuration list for PBXNativeTarget "ContactListRealUITests" */ = {
			isa = XCConfigurationList;
			buildConfigurations = (
				0F9E0FEC2DAF476700BA667E /* Debug */,
				0F9E0FED2DAF476700BA667E /* Release */,
			);
			defaultConfigurationIsVisible = 0;
			defaultConfigurationName = Release;
		};
/* End XCConfigurationList section */
	};
	rootObject = 0F9E0FB22DAF476500BA667E /* Project object */;
}
